<?xml version="1.0" encoding="utf-8"?>
<Project ToolsVersion="4.0" xmlns="http://schemas.microsoft.com/developer/msbuild/2003">
  <ItemGroup>
    <Filter Include="Source Files">
      <UniqueIdentifier>{4FC737F1-C7A5-4376-A066-2A32D752A2FF}</UniqueIdentifier>
      <Extensions>cpp;c;cc;cxx;def;odl;idl;hpj;bat;asm;asmx</Extensions>
    </Filter>
    <Filter Include="Header Files">
      <UniqueIdentifier>{93995380-89BD-4b04-88EB-625FBE52EBFB}</UniqueIdentifier>
      <Extensions>h;hpp;hxx;hm;inl;inc;xsd</Extensions>
    </Filter>
    <Filter Include="Resource Files">
      <UniqueIdentifier>{67DA6AB6-F800-4c08-8B7A-83BB121AAD01}</UniqueIdentifier>
      <Extensions>rc;ico;cur;bmp;dlg;rc2;rct;bin;rgs;gif;jpg;jpeg;jpe;resx;tiff;tif;png;wav;mfcribbon-ms</Extensions>
    </Filter>
  </ItemGroup>
  <ItemGroup>
    <None Include="ReadMe.txt" />
  </ItemGroup>
  <ItemGroup>
    <ClInclude Include="stdafx.h">
      <Filter>Header Files</Filter>
    </ClInclude>
    <ClInclude Include="targetver.h">
      <Filter>Header Files</Filter>
    </ClInclude>
    <ClInclude Include="3rdpart\fftw\fftw3.h">
      <Filter>Header Files</Filter>
    </ClInclude>
    <ClInclude Include="dsp_complex.h">
      <Filter>Header Files</Filter>
    </ClInclude>
    <ClInclude Include="dsp_signalblock.h">
      <Filter>Header Files</Filter>
    </ClInclude>
    <ClInclude Include="dsp_fft.h">
      <Filter>Header Files</Filter>
    </ClInclude>
    <ClInclude Include="dsp_vector1.h">
      <Filter>Header Files</Filter>
    </ClInclude>
    <ClInclude Include="dsp_memory.h">
      <Filter>Header Files</Filter>
    </ClInclude>
    <ClInclude Include="dsp_iterator.h">
      <Filter>Header Files</Filter>
    </ClInclude>
    <ClInclude Include="dsp_vector.h">
      <Filter>Header Files</Filter>
    </ClInclude>
    <ClInclude Include="dsp_tickcount.h">
      <Filter>Header Files</Filter>
    </ClInclude>
    <ClInclude Include="dsp_crc.h">
      <Filter>Header Files</Filter>
    </ClInclude>
    <ClInclude Include="dsp_scramble.h">
      <Filter>Header Files</Filter>
    </ClInclude>
    <ClInclude Include="dsp_encode.h">
      <Filter>Header Files</Filter>
    </ClInclude>
    <ClInclude Include="dsp_interleave.h">
      <Filter>Header Files</Filter>
    </ClInclude>
    <ClInclude Include="dot11n_def.h">
      <Filter>Header Files</Filter>
    </ClInclude>
    <ClInclude Include="dot11n_plcp.h">
      <Filter>Header Files</Filter>
    </ClInclude>
    <ClInclude Include="dsp_mapper.h">
      <Filter>Header Files</Filter>
    </ClInclude>
    <ClInclude Include="dsp_ofdm.h">
      <Filter>Header Files</Filter>
    </ClInclude>
    <ClInclude Include="dsp_acorr.h">
      <Filter>Header Files</Filter>
    </ClInclude>
    <ClInclude Include="dsp_freqest.h">
      <Filter>Header Files</Filter>
    </ClInclude>
    <ClInclude Include="dsp_source.h">
      <Filter>Header Files</Filter>
    </ClInclude>
    <ClInclude Include="dsp_channel.h">
      <Filter>Header Files</Filter>
    </ClInclude>
    <ClInclude Include="dsp_plot.h">
      <Filter>Header Files</Filter>
    </ClInclude>
    <ClInclude Include="dsp_viterbi.h">
      <Filter>Header Files</Filter>
    </ClInclude>
    <ClInclude Include="_vector128.h">
      <Filter>Header Files</Filter>
    </ClInclude>
    <ClInclude Include="dsp_fifo.h">
      <Filter>Header Files</Filter>
    </ClInclude>
    <ClInclude Include="dsp_task.h">
      <Filter>Header Files</Filter>
    </ClInclude>
    <ClInclude Include="dsp_perf.h">
      <Filter>Header Files</Filter>
    </ClInclude>
    <ClInclude Include="simplewnd.h">
      <Filter>Header Files</Filter>
    </ClInclude>
    <ClInclude Include="dsp_math.h">
      <Filter>Header Files</Filter>
    </ClInclude>
    <ClInclude Include="dsp_ber.h">
      <Filter>Header Files</Filter>
    </ClInclude>
    <ClInclude Include="dsp_draw.h">
      <Filter>Header Files</Filter>
    </ClInclude>
    <ClInclude Include="dsp_helper.h">
      <Filter>Header Files</Filter>
    </ClInclude>
    <ClInclude Include="dsp_buffer.h">
      <Filter>Header Files</Filter>
    </ClInclude>
    <ClInclude Include="dsp_sysconfig.h">
      <Filter>Header Files</Filter>
    </ClInclude>
    <ClInclude Include="dsp_block.h">
      <Filter>Header Files</Filter>
    </ClInclude>
    <ClInclude Include="dsp_types.h">
      <Filter>Header Files</Filter>
    </ClInclude>
    <ClInclude Include="dsp_flowgraph.h">
      <Filter>Header Files</Filter>
    </ClInclude>
    <ClInclude Include="dsp_scheduler.h">
      <Filter>Header Files</Filter>
    </ClInclude>
    <ClInclude Include="dsp_file_source.h">
      <Filter>Header Files</Filter>
    </ClInclude>
    <ClInclude Include="dsp_scope_sink.h">
      <Filter>Header Files</Filter>
    </ClInclude>
    <ClInclude Include="dsp_bb_dot11a.h">
      <Filter>Header Files</Filter>
    </ClInclude>
    <ClInclude Include="dsp_bb_dot11a_scheduler.h">
      <Filter>Source Files</Filter>
    </ClInclude>
    <ClInclude Include="dsp_pipeline.h">
      <Filter>Header Files</Filter>
    </ClInclude>
    <ClInclude Include="dsp_log.h">
      <Filter>Header Files</Filter>
    </ClInclude>
    <ClInclude Include="dsp_dot11a_2.h">
      <Filter>Source Files</Filter>
    </ClInclude>
  </ItemGroup>
  <ItemGroup>
    <ClCompile Include="stdafx.cpp">
      <Filter>Source Files</Filter>
    </ClCompile>
    <ClCompile Include="OpenDSP.cpp">
      <Filter>Source Files</Filter>
    </ClCompile>
    <ClCompile Include="dsp_vector1.cpp">
      <Filter>Source Files</Filter>
    </ClCompile>
    <ClCompile Include="dsp_crc.cpp">
      <Filter>Source Files</Filter>
    </ClCompile>
    <ClCompile Include="dsp_scramble.cpp">
      <Filter>Source Files</Filter>
    </ClCompile>
    <ClCompile Include="dsp_encode.cpp">
      <Filter>Source Files</Filter>
    </ClCompile>
    <ClCompile Include="dot11n_plcp.cpp">
      <Filter>Source Files</Filter>
    </ClCompile>
    <ClCompile Include="dot11n_def.cpp">
      <Filter>Source Files</Filter>
    </ClCompile>
    <ClCompile Include="dsp_plot.cpp">
      <Filter>Source Files</Filter>
    </ClCompile>
    <ClCompile Include="dsp_mapper.cpp">
      <Filter>Source Files</Filter>
    </ClCompile>
    <ClCompile Include="dsp_viterbi.cpp">
      <Filter>Source Files</Filter>
    </ClCompile>
    <ClCompile Include="dsp_math.cpp">
      <Filter>Source Files</Filter>
    </ClCompile>
    <ClCompile Include="dsp_task.cpp">
      <Filter>Source Files</Filter>
    </ClCompile>
    <ClCompile Include="dsp_ber.cpp">
      <Filter>Source Files</Filter>
    </ClCompile>
    <ClCompile Include="dsp_draw.cpp">
      <Filter>Source Files</Filter>
    </ClCompile>
    <ClCompile Include="dsp_testunit.cpp">
      <Filter>Source Files</Filter>
    </ClCompile>
    <ClCompile Include="dsp_section.cpp">
      <Filter>Source Files</Filter>
    </ClCompile>
    <ClCompile Include="dsp_buffer.cpp">
      <Filter>Source Files</Filter>
    </ClCompile>
    <ClCompile Include="dsp_buffer_test.cpp">
      <Filter>Source Files</Filter>
    </ClCompile>
    <ClCompile Include="dsp_task_test.cpp">
      <Filter>Source Files</Filter>
    </ClCompile>
    <ClCompile Include="dot11n_test.cpp">
      <Filter>Source Files</Filter>
    </ClCompile>
    <ClCompile Include="dsp_sysconfig.cpp">
      <Filter>Source Files</Filter>
    </ClCompile>
    <ClCompile Include="dsp_block.cpp">
      <Filter>Source Files</Filter>
    </ClCompile>
    <ClCompile Include="dsp_block_test.cpp">
      <Filter>Source Files</Filter>
    </ClCompile>
    <ClCompile Include="dsp_flowgraph.cpp">
      <Filter>Source Files</Filter>
    </ClCompile>
    <ClCompile Include="dsp_flowgraph_test.cpp">
      <Filter>Source Files</Filter>
    </ClCompile>
    <ClCompile Include="dsp_scheduler.cpp">
      <Filter>Source Files</Filter>
    </ClCompile>
    <ClCompile Include="dsp_file_source.cpp">
      <Filter>Source Files</Filter>
    </ClCompile>
    <ClCompile Include="dsp_scope_sink.cpp">
      <Filter>Source Files</Filter>
    </ClCompile>
    <ClCompile Include="dsp_bb_dot11a.cpp">
      <Filter>Source Files</Filter>
    </ClCompile>
    <ClCompile Include="dsp_bb_dot11a_test.cpp">
      <Filter>Source Files</Filter>
    </ClCompile>
    <ClCompile Include="dsp_bb_dot11a_scheduler.cpp">
      <Filter>Source Files</Filter>
    </ClCompile>
    <ClCompile Include="dsp_pipeline.cpp">
      <Filter>Source Files</Filter>
    </ClCompile>
    <ClCompile Include="dsp_log.cpp">
      <Filter>Source Files</Filter>
    </ClCompile>
    <ClCompile Include="dsp_global.cpp">
      <Filter>Source Files</Filter>
    </ClCompile>
    <ClCompile Include="dsp_dot11a_2.cpp">
      <Filter>Source Files</Filter>
    </ClCompile>
    <ClCompile Include="dsp_viterbi_test.cpp">
      <Filter>Source Files</Filter>
    </ClCompile>
  </ItemGroup>
</Project>